
Microsoft Visual Studio Solution File, Format Version 12.00
# Visual Studio Version 17
VisualStudioVersion = 17.4.33213.308
MinimumVisualStudioVersion = 10.0.40219.1
Project("{9A19103F-16F7-4668-BE54-9A1E7A4F7556}") = "Project.WebAPI", "Project.WebAPI.csproj", "{BAF55989-868A-4A9C-948A-BC536806C102}"
EndProject
Project("{9A19103F-16F7-4668-BE54-9A1E7A4F7556}") = "Project.DAL", "..\Project.DAL\Project.DAL.csproj", "{FFA3AAC5-9E70-4A0D-A116-ABF6655FDD57}"
EndProject
Project("{9A19103F-16F7-4668-BE54-9A1E7A4F7556}") = "Project.Model", "..\Project.Model\Project.Model.csproj", "{9E118AAA-CBE2-4049-9D34-5E9EE0C9E6E6}"
EndProject
Project("{9A19103F-16F7-4668-BE54-9A1E7A4F7556}") = "Project.Model.Common", "..\Project.Model.Common\Project.Model.Common.csproj", "{C7580169-D879-473A-95B6-1B82DB2F92E6}"
EndProject
Project("{9A19103F-16F7-4668-BE54-9A1E7A4F7556}") = "Project.Repository", "..\Project.Repository\Project.Repository.csproj", "{DC5AECED-B9A6-4B16-A19D-E52646E5FD43}"
EndProject
Project("{9A19103F-16F7-4668-BE54-9A1E7A4F7556}") = "Project.Repository.Common", "..\Project.Repository.Common\Project.Repository.Common.csproj", "{313A3263-62EA-422A-B5BB-38BE5132AFD5}"
EndProject
Project("{9A19103F-16F7-4668-BE54-9A1E7A4F7556}") = "Project.Service", "..\Project.Service\Project.Service.csproj", "{224502B9-136C-4DEC-A3A6-FFE245CB6CBD}"
EndProject
Project("{9A19103F-16F7-4668-BE54-9A1E7A4F7556}") = "Project.Service.Common", "..\Project.Service.Common\Project.Service.Common.csproj", "{58A49E14-F9A1-4D08-8E39-FD163DAE4E2B}"
EndProject
Project("{FAE04EC0-301F-11D3-BF4B-00C04F79EFBC}") = "Project.Common", "..\Project.Common\Project.Common.csproj", "{7CBA9514-9A5C-4A35-9EE7-DAA08BB905AD}"
EndProject
Global
	GlobalSection(SolutionConfigurationPlatforms) = preSolution
		Debug|Any CPU = Debug|Any CPU
		Release|Any CPU = Release|Any CPU
	EndGlobalSection
	GlobalSection(ProjectConfigurationPlatforms) = postSolution
		{BAF55989-868A-4A9C-948A-BC536806C102}.Debug|Any CPU.ActiveCfg = Debug|Any CPU
		{BAF55989-868A-4A9C-948A-BC536806C102}.Debug|Any CPU.Build.0 = Debug|Any CPU
		{BAF55989-868A-4A9C-948A-BC536806C102}.Release|Any CPU.ActiveCfg = Release|Any CPU
		{BAF55989-868A-4A9C-948A-BC536806C102}.Release|Any CPU.Build.0 = Release|Any CPU
		{FFA3AAC5-9E70-4A0D-A116-ABF6655FDD57}.Debug|Any CPU.ActiveCfg = Debug|Any CPU
		{FFA3AAC5-9E70-4A0D-A116-ABF6655FDD57}.Debug|Any CPU.Build.0 = Debug|Any CPU
		{FFA3AAC5-9E70-4A0D-A116-ABF6655FDD57}.Release|Any CPU.ActiveCfg = Release|Any CPU
		{FFA3AAC5-9E70-4A0D-A116-ABF6655FDD57}.Release|Any CPU.Build.0 = Release|Any CPU
		{9E118AAA-CBE2-4049-9D34-5E9EE0C9E6E6}.Debug|Any CPU.ActiveCfg = Debug|Any CPU
		{9E118AAA-CBE2-4049-9D34-5E9EE0C9E6E6}.Debug|Any CPU.Build.0 = Debug|Any CPU
		{9E118AAA-CBE2-4049-9D34-5E9EE0C9E6E6}.Release|Any CPU.ActiveCfg = Release|Any CPU
		{9E118AAA-CBE2-4049-9D34-5E9EE0C9E6E6}.Release|Any CPU.Build.0 = Release|Any CPU
		{C7580169-D879-473A-95B6-1B82DB2F92E6}.Debug|Any CPU.ActiveCfg = Debug|Any CPU
		{C7580169-D879-473A-95B6-1B82DB2F92E6}.Debug|Any CPU.Build.0 = Debug|Any CPU
		{C7580169-D879-473A-95B6-1B82DB2F92E6}.Release|Any CPU.ActiveCfg = Release|Any CPU
		{C7580169-D879-473A-95B6-1B82DB2F92E6}.Release|Any CPU.Build.0 = Release|Any CPU
		{DC5AECED-B9A6-4B16-A19D-E52646E5FD43}.Debug|Any CPU.ActiveCfg = Debug|Any CPU
		{DC5AECED-B9A6-4B16-A19D-E52646E5FD43}.Debug|Any CPU.Build.0 = Debug|Any CPU
		{DC5AECED-B9A6-4B16-A19D-E52646E5FD43}.Release|Any CPU.ActiveCfg = Release|Any CPU
		{DC5AECED-B9A6-4B16-A19D-E52646E5FD43}.Release|Any CPU.Build.0 = Release|Any CPU
		{313A3263-62EA-422A-B5BB-38BE5132AFD5}.Debug|Any CPU.ActiveCfg = Debug|Any CPU
		{313A3263-62EA-422A-B5BB-38BE5132AFD5}.Debug|Any CPU.Build.0 = Debug|Any CPU
		{313A3263-62EA-422A-B5BB-38BE5132AFD5}.Release|Any CPU.ActiveCfg = Release|Any CPU
		{313A3263-62EA-422A-B5BB-38BE5132AFD5}.Release|Any CPU.Build.0 = Release|Any CPU
		{224502B9-136C-4DEC-A3A6-FFE245CB6CBD}.Debug|Any CPU.ActiveCfg = Debug|Any CPU
		{224502B9-136C-4DEC-A3A6-FFE245CB6CBD}.Debug|Any CPU.Build.0 = Debug|Any CPU
		{224502B9-136C-4DEC-A3A6-FFE245CB6CBD}.Release|Any CPU.ActiveCfg = Release|Any CPU
		{224502B9-136C-4DEC-A3A6-FFE245CB6CBD}.Release|Any CPU.Build.0 = Release|Any CPU
		{58A49E14-F9A1-4D08-8E39-FD163DAE4E2B}.Debug|Any CPU.ActiveCfg = Debug|Any CPU
		{58A49E14-F9A1-4D08-8E39-FD163DAE4E2B}.Debug|Any CPU.Build.0 = Debug|Any CPU
		{58A49E14-F9A1-4D08-8E39-FD163DAE4E2B}.Release|Any CPU.ActiveCfg = Release|Any CPU
		{58A49E14-F9A1-4D08-8E39-FD163DAE4E2B}.Release|Any CPU.Build.0 = Release|Any CPU
		{7CBA9514-9A5C-4A35-9EE7-DAA08BB905AD}.Debug|Any CPU.ActiveCfg = Debug|Any CPU
		{7CBA9514-9A5C-4A35-9EE7-DAA08BB905AD}.Debug|Any CPU.Build.0 = Debug|Any CPU
		{7CBA9514-9A5C-4A35-9EE7-DAA08BB905AD}.Release|Any CPU.ActiveCfg = Release|Any CPU
		{7CBA9514-9A5C-4A35-9EE7-DAA08BB905AD}.Release|Any CPU.Build.0 = Release|Any CPU
	EndGlobalSection
	GlobalSection(SolutionProperties) = preSolution
		HideSolutionNode = FALSE
	EndGlobalSection
	GlobalSection(ExtensibilityGlobals) = postSolution
		SolutionGuid = {8D83B6B0-B94F-49A3-93B1-F3CF82802119}
	EndGlobalSection
EndGlobal
